// !$*UTF8*$!
{
	archiveVersion = 1;
	classes = {
	};
	objectVersion = 48;
	objects = {

/* Begin PBXBuildFile section */
		04EAF5671FD136D3005817DD /* Assets.xcassets in Resources */ = {isa = PBXBuildFile; fileRef = 04EAF5661FD136D3005817DD /* Assets.xcassets */; };
		04EAF5A91FD13B06005817DD /* main.m in Sources */ = {isa = PBXBuildFile; fileRef = 04EAF5A51FD13B06005817DD /* main.m */; };
		04EAF5AA1FD13B06005817DD /* AppDelegate.m in Sources */ = {isa = PBXBuildFile; fileRef = 04EAF5A61FD13B06005817DD /* AppDelegate.m */; };
		04EAF5B81FD14AA7005817DD /* QQHomeViewController.m in Sources */ = {isa = PBXBuildFile; fileRef = 04EAF5B61FD14AA7005817DD /* QQHomeViewController.m */; };
		04EAF5BF1FD14B06005817DD /* QQRecommendViewController.m in Sources */ = {isa = PBXBuildFile; fileRef = 04EAF5BD1FD14B06005817DD /* QQRecommendViewController.m */; };
		04EAF5C31FD14BB8005817DD /* QQGenneralViewController.m in Sources */ = {isa = PBXBuildFile; fileRef = 04EAF5C21FD14BB8005817DD /* QQGenneralViewController.m */; };
		04EAF5C71FD159F7005817DD /* QQNetworkManager.m in Sources */ = {isa = PBXBuildFile; fileRef = 04EAF5C51FD159F7005817DD /* QQNetworkManager.m */; };
		04EAF5D01FD15D2B005817DD /* QQNetworkManager+Home.m in Sources */ = {isa = PBXBuildFile; fileRef = 04EAF5CF1FD15D2B005817DD /* QQNetworkManager+Home.m */; };
		04EAF5D61FD161C3005817DD /* QQRecommendListViewModel.m in Sources */ = {isa = PBXBuildFile; fileRef = 04EAF5D51FD161C3005817DD /* QQRecommendListViewModel.m */; };
		04EAF5D91FD161CD005817DD /* QQRecommendViewModel.m in Sources */ = {isa = PBXBuildFile; fileRef = 04EAF5D81FD161CD005817DD /* QQRecommendViewModel.m */; };
		04EAF5DC1FD161D9005817DD /* QQRecommend.m in Sources */ = {isa = PBXBuildFile; fileRef = 04EAF5DB1FD161D9005817DD /* QQRecommend.m */; };
		04EAF5DF1FD161F1005817DD /* QQRecommendCell.m in Sources */ = {isa = PBXBuildFile; fileRef = 04EAF5DE1FD161F1005817DD /* QQRecommendCell.m */; };
		CC782063D0179E68B841F7C7 /* libPods-QQScrollView.a in Frameworks */ = {isa = PBXBuildFile; fileRef = 614F3C513DAFCA9768134F1B /* libPods-QQScrollView.a */; };
/* End PBXBuildFile section */

/* Begin PBXFileReference section */
		04EAF55A1FD136D3005817DD /* QQScrollView.app */ = {isa = PBXFileReference; explicitFileType = wrapper.application; includeInIndex = 0; path = QQScrollView.app; sourceTree = BUILT_PRODUCTS_DIR; };
		04EAF5661FD136D3005817DD /* Assets.xcassets */ = {isa = PBXFileReference; lastKnownFileType = folder.assetcatalog; path = Assets.xcassets; sourceTree = "<group>"; };
		04EAF56B1FD136D3005817DD /* Info.plist */ = {isa = PBXFileReference; lastKnownFileType = text.plist.xml; path = Info.plist; sourceTree = "<group>"; };
		04EAF5A41FD13B06005817DD /* AppDelegate.h */ = {isa = PBXFileReference; fileEncoding = 4; lastKnownFileType = sourcecode.c.h; path = AppDelegate.h; sourceTree = "<group>"; };
		04EAF5A51FD13B06005817DD /* main.m */ = {isa = PBXFileReference; fileEncoding = 4; lastKnownFileType = sourcecode.c.objc; path = main.m; sourceTree = "<group>"; };
		04EAF5A61FD13B06005817DD /* AppDelegate.m */ = {isa = PBXFileReference; fileEncoding = 4; lastKnownFileType = sourcecode.c.objc; path = AppDelegate.m; sourceTree = "<group>"; };
		04EAF5B51FD14AA7005817DD /* QQHomeViewController.h */ = {isa = PBXFileReference; fileEncoding = 4; lastKnownFileType = sourcecode.c.h; path = QQHomeViewController.h; sourceTree = "<group>"; };
		04EAF5B61FD14AA7005817DD /* QQHomeViewController.m */ = {isa = PBXFileReference; fileEncoding = 4; lastKnownFileType = sourcecode.c.objc; path = QQHomeViewController.m; sourceTree = "<group>"; };
		04EAF5BD1FD14B06005817DD /* QQRecommendViewController.m */ = {isa = PBXFileReference; fileEncoding = 4; lastKnownFileType = sourcecode.c.objc; path = QQRecommendViewController.m; sourceTree = "<group>"; };
		04EAF5BE1FD14B06005817DD /* QQRecommendViewController.h */ = {isa = PBXFileReference; fileEncoding = 4; lastKnownFileType = sourcecode.c.h; path = QQRecommendViewController.h; sourceTree = "<group>"; };
		04EAF5C11FD14BB8005817DD /* QQGenneralViewController.h */ = {isa = PBXFileReference; lastKnownFileType = sourcecode.c.h; path = QQGenneralViewController.h; sourceTree = "<group>"; };
		04EAF5C21FD14BB8005817DD /* QQGenneralViewController.m */ = {isa = PBXFileReference; lastKnownFileType = sourcecode.c.objc; path = QQGenneralViewController.m; sourceTree = "<group>"; };
		04EAF5C51FD159F7005817DD /* QQNetworkManager.m */ = {isa = PBXFileReference; fileEncoding = 4; lastKnownFileType = sourcecode.c.objc; path = QQNetworkManager.m; sourceTree = "<group>"; };
		04EAF5C61FD159F7005817DD /* QQNetworkManager.h */ = {isa = PBXFileReference; fileEncoding = 4; lastKnownFileType = sourcecode.c.h; path = QQNetworkManager.h; sourceTree = "<group>"; };
		04EAF5CE1FD15D2B005817DD /* QQNetworkManager+Home.h */ = {isa = PBXFileReference; lastKnownFileType = sourcecode.c.h; path = "QQNetworkManager+Home.h"; sourceTree = "<group>"; };
		04EAF5CF1FD15D2B005817DD /* QQNetworkManager+Home.m */ = {isa = PBXFileReference; lastKnownFileType = sourcecode.c.objc; path = "QQNetworkManager+Home.m"; sourceTree = "<group>"; };
		04EAF5D41FD161C3005817DD /* QQRecommendListViewModel.h */ = {isa = PBXFileReference; lastKnownFileType = sourcecode.c.h; path = QQRecommendListViewModel.h; sourceTree = "<group>"; };
		04EAF5D51FD161C3005817DD /* QQRecommendListViewModel.m */ = {isa = PBXFileReference; lastKnownFileType = sourcecode.c.objc; path = QQRecommendListViewModel.m; sourceTree = "<group>"; };
		04EAF5D71FD161CD005817DD /* QQRecommendViewModel.h */ = {isa = PBXFileReference; lastKnownFileType = sourcecode.c.h; path = QQRecommendViewModel.h; sourceTree = "<group>"; };
		04EAF5D81FD161CD005817DD /* QQRecommendViewModel.m */ = {isa = PBXFileReference; lastKnownFileType = sourcecode.c.objc; path = QQRecommendViewModel.m; sourceTree = "<group>"; };
		04EAF5DA1FD161D9005817DD /* QQRecommend.h */ = {isa = PBXFileReference; lastKnownFileType = sourcecode.c.h; path = QQRecommend.h; sourceTree = "<group>"; };
		04EAF5DB1FD161D9005817DD /* QQRecommend.m */ = {isa = PBXFileReference; lastKnownFileType = sourcecode.c.objc; path = QQRecommend.m; sourceTree = "<group>"; };
		04EAF5DD1FD161F1005817DD /* QQRecommendCell.h */ = {isa = PBXFileReference; lastKnownFileType = sourcecode.c.h; path = QQRecommendCell.h; sourceTree = "<group>"; };
		04EAF5DE1FD161F1005817DD /* QQRecommendCell.m */ = {isa = PBXFileReference; lastKnownFileType = sourcecode.c.objc; path = QQRecommendCell.m; sourceTree = "<group>"; };
		614F3C513DAFCA9768134F1B /* libPods-QQScrollView.a */ = {isa = PBXFileReference; explicitFileType = archive.ar; includeInIndex = 0; path = "libPods-QQScrollView.a"; sourceTree = BUILT_PRODUCTS_DIR; };
		86F7F49DE8D1DE9968BFB906 /* Pods-QQScrollView.debug.xcconfig */ = {isa = PBXFileReference; includeInIndex = 1; lastKnownFileType = text.xcconfig; name = "Pods-QQScrollView.debug.xcconfig"; path = "Pods/Target Support Files/Pods-QQScrollView/Pods-QQScrollView.debug.xcconfig"; sourceTree = "<group>"; };
		E25BF256CF25F7E8EDFED4CA /* Pods-QQScrollView.release.xcconfig */ = {isa = PBXFileReference; includeInIndex = 1; lastKnownFileType = text.xcconfig; name = "Pods-QQScrollView.release.xcconfig"; path = "Pods/Target Support Files/Pods-QQScrollView/Pods-QQScrollView.release.xcconfig"; sourceTree = "<group>"; };
/* End PBXFileReference section */

/* Begin PBXFrameworksBuildPhase section */
		04EAF5571FD136D3005817DD /* Frameworks */ = {
			isa = PBXFrameworksBuildPhase;
			buildActionMask = 2147483647;
			files = (
				CC782063D0179E68B841F7C7 /* libPods-QQScrollView.a in Frameworks */,
			);
			runOnlyForDeploymentPostprocessing = 0;
		};
/* End PBXFrameworksBuildPhase section */

/* Begin PBXGroup section */
		04EAF5511FD136D3005817DD = {
			isa = PBXGroup;
			children = (
				04EAF55C1FD136D3005817DD /* QQScrollView */,
				04EAF55B1FD136D3005817DD /* Products */,
				42611408D643000D2101981F /* Pods */,
				BBE801F6267BCCD030239596 /* Frameworks */,
			);
			sourceTree = "<group>";
		};
		04EAF55B1FD136D3005817DD /* Products */ = {
			isa = PBXGroup;
			children = (
				04EAF55A1FD136D3005817DD /* QQScrollView.app */,
			);
			name = Products;
			sourceTree = "<group>";
		};
		04EAF55C1FD136D3005817DD /* QQScrollView */ = {
			isa = PBXGroup;
			children = (
				04EAF59D1FD13B06005817DD /* Classes */,
				04EAF5661FD136D3005817DD /* Assets.xcassets */,
				04EAF56B1FD136D3005817DD /* Info.plist */,
			);
			path = QQScrollView;
			sourceTree = "<group>";
		};
		04EAF59D1FD13B06005817DD /* Classes */ = {
			isa = PBXGroup;
			children = (
				04EAF5A31FD13B06005817DD /* Main */,
				04EAF59E1FD13B06005817DD /* Home */,
				04EAF5A01FD13B06005817DD /* Other */,
				04EAF5A11FD13B06005817DD /* Me */,
				04EAF5A71FD13B06005817DD /* Tool */,
			);
			path = Classes;
			sourceTree = "<group>";
		};
		04EAF59E1FD13B06005817DD /* Home */ = {
			isa = PBXGroup;
			children = (
				04EAF5B31FD14AA7005817DD /* Main */,
				04EAF5B71FD14AA7005817DD /* Recommend */,
				04EAF5AF1FD14AA7005817DD /* Genneral */,
				04EAF5B21FD14AA7005817DD /* Wisdom */,
				04EAF5B01FD14AA7005817DD /* Audio */,
				04EAF5B11FD14AA7005817DD /* Video */,
				04EAF5AE1FD14AA7005817DD /* Live */,
			);
			path = Home;
			sourceTree = "<group>";
		};
		04EAF5A01FD13B06005817DD /* Other */ = {
			isa = PBXGroup;
			children = (
			);
			path = Other;
			sourceTree = "<group>";
		};
		04EAF5A11FD13B06005817DD /* Me */ = {
			isa = PBXGroup;
			children = (
				04EAF5A21FD13B06005817DD /* Controller */,
			);
			path = Me;
			sourceTree = "<group>";
		};
		04EAF5A21FD13B06005817DD /* Controller */ = {
			isa = PBXGroup;
			children = (
			);
			path = Controller;
			sourceTree = "<group>";
		};
		04EAF5A31FD13B06005817DD /* Main */ = {
			isa = PBXGroup;
			children = (
				04EAF5A41FD13B06005817DD /* AppDelegate.h */,
				04EAF5A61FD13B06005817DD /* AppDelegate.m */,
				04EAF5A51FD13B06005817DD /* main.m */,
			);
			path = Main;
			sourceTree = "<group>";
		};
		04EAF5A71FD13B06005817DD /* Tool */ = {
			isa = PBXGroup;
			children = (
				04EAF5C41FD159EE005817DD /* NetWork */,
				04EAF5A81FD13B06005817DD /* Category */,
			);
			path = Tool;
			sourceTree = "<group>";
		};
		04EAF5A81FD13B06005817DD /* Category */ = {
			isa = PBXGroup;
			children = (
			);
			path = Category;
			sourceTree = "<group>";
		};
		04EAF5AE1FD14AA7005817DD /* Live */ = {
			isa = PBXGroup;
			children = (
			);
			path = Live;
			sourceTree = "<group>";
		};
		04EAF5AF1FD14AA7005817DD /* Genneral */ = {
			isa = PBXGroup;
			children = (
				04EAF5C01FD14BAD005817DD /* Controller */,
			);
			path = Genneral;
			sourceTree = "<group>";
		};
		04EAF5B01FD14AA7005817DD /* Audio */ = {
			isa = PBXGroup;
			children = (
			);
			path = Audio;
			sourceTree = "<group>";
		};
		04EAF5B11FD14AA7005817DD /* Video */ = {
			isa = PBXGroup;
			children = (
			);
			path = Video;
			sourceTree = "<group>";
		};
		04EAF5B21FD14AA7005817DD /* Wisdom */ = {
			isa = PBXGroup;
			children = (
			);
			path = Wisdom;
			sourceTree = "<group>";
		};
		04EAF5B31FD14AA7005817DD /* Main */ = {
			isa = PBXGroup;
			children = (
				04EAF5B41FD14AA7005817DD /* Controller */,
			);
			path = Main;
			sourceTree = "<group>";
		};
		04EAF5B41FD14AA7005817DD /* Controller */ = {
			isa = PBXGroup;
			children = (
				04EAF5B51FD14AA7005817DD /* QQHomeViewController.h */,
				04EAF5B61FD14AA7005817DD /* QQHomeViewController.m */,
			);
			path = Controller;
			sourceTree = "<group>";
		};
		04EAF5B71FD14AA7005817DD /* Recommend */ = {
			isa = PBXGroup;
			children = (
				04EAF5BC1FD14B06005817DD /* Controller */,
				04EAF5D11FD16193005817DD /* ViewModel */,
				04EAF5D21FD16193005817DD /* Model */,
				04EAF5D31FD16193005817DD /* View */,
			);
			path = Recommend;
			sourceTree = "<group>";
		};
		04EAF5BC1FD14B06005817DD /* Controller */ = {
			isa = PBXGroup;
			children = (
				04EAF5BE1FD14B06005817DD /* QQRecommendViewController.h */,
				04EAF5BD1FD14B06005817DD /* QQRecommendViewController.m */,
			);
			path = Controller;
			sourceTree = "<group>";
		};
		04EAF5C01FD14BAD005817DD /* Controller */ = {
			isa = PBXGroup;
			children = (
				04EAF5C11FD14BB8005817DD /* QQGenneralViewController.h */,
				04EAF5C21FD14BB8005817DD /* QQGenneralViewController.m */,
			);
			path = Controller;
			sourceTree = "<group>";
		};
		04EAF5C41FD159EE005817DD /* NetWork */ = {
			isa = PBXGroup;
			children = (
				04EAF5C61FD159F7005817DD /* QQNetworkManager.h */,
				04EAF5C51FD159F7005817DD /* QQNetworkManager.m */,
				04EAF5CE1FD15D2B005817DD /* QQNetworkManager+Home.h */,
				04EAF5CF1FD15D2B005817DD /* QQNetworkManager+Home.m */,
			);
			path = NetWork;
			sourceTree = "<group>";
		};
		04EAF5D11FD16193005817DD /* ViewModel */ = {
			isa = PBXGroup;
			children = (
				04EAF5D41FD161C3005817DD /* QQRecommendListViewModel.h */,
				04EAF5D51FD161C3005817DD /* QQRecommendListViewModel.m */,
				04EAF5D71FD161CD005817DD /* QQRecommendViewModel.h */,
				04EAF5D81FD161CD005817DD /* QQRecommendViewModel.m */,
			);
			path = ViewModel;
			sourceTree = "<group>";
		};
		04EAF5D21FD16193005817DD /* Model */ = {
			isa = PBXGroup;
			children = (
				04EAF5DA1FD161D9005817DD /* QQRecommend.h */,
				04EAF5DB1FD161D9005817DD /* QQRecommend.m */,
			);
			path = Model;
			sourceTree = "<group>";
		};
		04EAF5D31FD16193005817DD /* View */ = {
			isa = PBXGroup;
			children = (
				04EAF5DD1FD161F1005817DD /* QQRecommendCell.h */,
				04EAF5DE1FD161F1005817DD /* QQRecommendCell.m */,
			);
			path = View;
			sourceTree = "<group>";
		};
		42611408D643000D2101981F /* Pods */ = {
			isa = PBXGroup;
			children = (
				86F7F49DE8D1DE9968BFB906 /* Pods-QQScrollView.debug.xcconfig */,
				E25BF256CF25F7E8EDFED4CA /* Pods-QQScrollView.release.xcconfig */,
			);
			name = Pods;
			sourceTree = "<group>";
		};
		BBE801F6267BCCD030239596 /* Frameworks */ = {
			isa = PBXGroup;
			children = (
				614F3C513DAFCA9768134F1B /* libPods-QQScrollView.a */,
			);
			name = Frameworks;
			sourceTree = "<group>";
		};
/* End PBXGroup section */

/* Begin PBXNativeTarget section */
		04EAF5591FD136D3005817DD /* QQScrollView */ = {
			isa = PBXNativeTarget;
			buildConfigurationList = 04EAF5701FD136D3005817DD /* Build configuration list for PBXNativeTarget "QQScrollView" */;
			buildPhases = (
				66CE0DE181C553338B55F8E8 /* [CP] Check Pods Manifest.lock */,
				04EAF5561FD136D3005817DD /* Sources */,
				04EAF5571FD136D3005817DD /* Frameworks */,
				04EAF5581FD136D3005817DD /* Resources */,
				6A4701F951361638D407C912 /* [CP] Embed Pods Frameworks */,
				FC50C6131B438FA977C7CE16 /* [CP] Copy Pods Resources */,
			);
			buildRules = (
			);
			dependencies = (
			);
			name = QQScrollView;
			productName = QQScrollView;
			productReference = 04EAF55A1FD136D3005817DD /* QQScrollView.app */;
			productType = "com.apple.product-type.application";
		};
/* End PBXNativeTarget section */

/* Begin PBXProject section */
		04EAF5521FD136D3005817DD /* Project object */ = {
			isa = PBXProject;
			attributes = {
				CLASSPREFIX = QQ;
				LastUpgradeCheck = 0910;
				ORGANIZATIONNAME = Mac;
				TargetAttributes = {
					04EAF5591FD136D3005817DD = {
						CreatedOnToolsVersion = 9.1;
						ProvisioningStyle = Automatic;
					};
				};
			};
			buildConfigurationList = 04EAF5551FD136D3005817DD /* Build configuration list for PBXProject "QQScrollView" */;
			compatibilityVersion = "Xcode 8.0";
			developmentRegion = en;
			hasScannedForEncodings = 0;
			knownRegions = (
				en,
				Base,
			);
			mainGroup = 04EAF5511FD136D3005817DD;
			productRefGroup = 04EAF55B1FD136D3005817DD /* Products */;
			projectDirPath = "";
			projectRoot = "";
			targets = (
				04EAF5591FD136D3005817DD /* QQScrollView */,
			);
		};
/* End PBXProject section */

/* Begin PBXResourcesBuildPhase section */
		04EAF5581FD136D3005817DD /* Resources */ = {
			isa = PBXResourcesBuildPhase;
			buildActionMask = 2147483647;
			files = (
				04EAF5671FD136D3005817DD /* Assets.xcassets in Resources */,
			);
			runOnlyForDeploymentPostprocessing = 0;
		};
/* End PBXResourcesBuildPhase section */

/* Begin PBXShellScriptBuildPhase section */
		66CE0DE181C553338B55F8E8 /* [CP] Check Pods Manifest.lock */ = {
			isa = PBXShellScriptBuildPhase;
			buildActionMask = 2147483647;
			files = (
			);
			inputPaths = (
				"${PODS_PODFILE_DIR_PATH}/Podfile.lock",
				"${PODS_ROOT}/Manifest.lock",
			);
			name = "[CP] Check Pods Manifest.lock";
			outputPaths = (
				"$(DERIVED_FILE_DIR)/Pods-QQScrollView-checkManifestLockResult.txt",
			);
			runOnlyForDeploymentPostprocessing = 0;
			shellPath = /bin/sh;
			shellScript = "diff \"${PODS_PODFILE_DIR_PATH}/Podfile.lock\" \"${PODS_ROOT}/Manifest.lock\" > /dev/null\nif [ $? != 0 ] ; then\n    # print error to STDERR\n    echo \"error: The sandbox is not in sync with the Podfile.lock. Run 'pod install' or update your CocoaPods installation.\" >&2\n    exit 1\nfi\n# This output is used by Xcode 'outputs' to avoid re-running this script phase.\necho \"SUCCESS\" > \"${SCRIPT_OUTPUT_FILE_0}\"\n";
			showEnvVarsInLog = 0;
		};
		6A4701F951361638D407C912 /* [CP] Embed Pods Frameworks */ = {
			isa = PBXShellScriptBuildPhase;
			buildActionMask = 2147483647;
			files = (
			);
			inputPaths = (
			);
			name = "[CP] Embed Pods Frameworks";
			outputPaths = (
			);
			runOnlyForDeploymentPostprocessing = 0;
			shellPath = /bin/sh;
			shellScript = "\"${SRCROOT}/Pods/Target Support Files/Pods-QQScrollView/Pods-QQScrollView-frameworks.sh\"\n";
			showEnvVarsInLog = 0;
		};
		FC50C6131B438FA977C7CE16 /* [CP] Copy Pods Resources */ = {
			isa = PBXShellScriptBuildPhase;
			buildActionMask = 2147483647;
			files = (
			);
			inputPaths = (
			);
			name = "[CP] Copy Pods Resources";
			outputPaths = (
			);
			runOnlyForDeploymentPostprocessing = 0;
			shellPath = /bin/sh;
			shellScript = "\"${SRCROOT}/Pods/Target Support Files/Pods-QQScrollView/Pods-QQScrollView-resources.sh\"\n";
			showEnvVarsInLog = 0;
		};
/* End PBXShellScriptBuildPhase section */

/* Begin PBXSourcesBuildPhase section */
		04EAF5561FD136D3005817DD /* Sources */ = {
			isa = PBXSourcesBuildPhase;
			buildActionMask = 2147483647;
			files = (
				04EAF5DC1FD161D9005817DD /* QQRecommend.m in Sources */,
				04EAF5D01FD15D2B005817DD /* QQNetworkManager+Home.m in Sources */,
				04EAF5D61FD161C3005817DD /* QQRecommendListViewModel.m in Sources */,
				04EAF5DF1FD161F1005817DD /* QQRecommendCell.m in Sources */,
				04EAF5C71FD159F7005817DD /* QQNetworkManager.m in Sources */,
				04EAF5BF1FD14B06005817DD /* QQRecommendViewController.m in Sources */,
				04EAF5D91FD161CD005817DD /* QQRecommendViewModel.m in Sources */,
				04EAF5C31FD14BB8005817DD /* QQGenneralViewController.m in Sources */,
				04EAF5A91FD13B06005817DD /* main.m in Sources */,
				04EAF5AA1FD13B06005817DD /* AppDelegate.m in Sources */,
				04EAF5B81FD14AA7005817DD /* QQHomeViewController.m in Sources */,
			);
			runOnlyForDeploymentPostprocessing = 0;
		};
/* End PBXSourcesBuildPhase section */

/* Begin XCBuildConfiguration section */
		04EAF56E1FD136D3005817DD /* Debug */ = {
			isa = XCBuildConfiguration;
			buildSettings = {
				ALWAYS_SEARCH_USER_PATHS = NO;
				CLANG_ANALYZER_NONNULL = YES;
				CLANG_ANALYZER_NUMBER_OBJECT_CONVERSION = YES_AGGRESSIVE;
				CLANG_CXX_LANGUAGE_STANDARD = "gnu++14";
				CLANG_CXX_LIBRARY = "libc++";
				CLANG_ENABLE_MODULES = YES;
				CLANG_ENABLE_OBJC_ARC = YES;
				CLANG_WARN_BLOCK_CAPTURE_AUTORELEASING = YES;
				CLANG_WARN_BOOL_CONVERSION = YES;
				CLANG_WARN_COMMA = YES;
				CLANG_WARN_CONSTANT_CONVERSION = YES;
				CLANG_WARN_DIRECT_OBJC_ISA_USAGE = YES_ERROR;
				CLANG_WARN_DOCUMENTATION_COMMENTS = YES;
				CLANG_WARN_EMPTY_BODY = YES;
				CLANG_WARN_ENUM_CONVERSION = YES;
				CLANG_WARN_INFINITE_RECURSION = YES;
				CLANG_WARN_INT_CONVERSION = YES;
				CLANG_WARN_NON_LITERAL_NULL_CONVERSION = YES;
				CLANG_WARN_OBJC_LITERAL_CONVERSION = YES;
				CLANG_WARN_OBJC_ROOT_CLASS = YES_ERROR;
				CLANG_WARN_RANGE_LOOP_ANALYSIS = YES;
				CLANG_WARN_STRICT_PROTOTYPES = YES;
				CLANG_WARN_SUSPICIOUS_MOVE = YES;
				CLANG_WARN_UNGUARDED_AVAILABILITY = YES_AGGRESSIVE;
				CLANG_WARN_UNREACHABLE_CODE = YES;
				CLANG_WARN__DUPLICATE_METHOD_MATCH = YES;
				CODE_SIGN_IDENTITY = "iPhone Developer";
				COPY_PHASE_STRIP = NO;
				DEBUG_INFORMATION_FORMAT = dwarf;
				ENABLE_STRICT_OBJC_MSGSEND = YES;
				ENABLE_TESTABILITY = YES;
				GCC_C_LANGUAGE_STANDARD = gnu11;
				GCC_DYNAMIC_NO_PIC = NO;
				GCC_NO_COMMON_BLOCKS = YES;
				GCC_OPTIMIZATION_LEVEL = 0;
				GCC_PREPROCESSOR_DEFINITIONS = (
					"DEBUG=1",
					"$(inherited)",
				);
				GCC_WARN_64_TO_32_BIT_CONVERSION = YES;
				GCC_WARN_ABOUT_RETURN_TYPE = YES_ERROR;
				GCC_WARN_UNDECLARED_SELECTOR = YES;
				GCC_WARN_UNINITIALIZED_AUTOS = YES_AGGRESSIVE;
				GCC_WARN_UNUSED_FUNCTION = YES;
				GCC_WARN_UNUSED_VARIABLE = YES;
				IPHONEOS_DEPLOYMENT_TARGET = 11.1;
				MTL_ENABLE_DEBUG_INFO = YES;
				ONLY_ACTIVE_ARCH = YES;
				SDKROOT = iphoneos;
			};
			name = Debug;
		};
		04EAF56F1FD136D3005817DD /* Release */ = {
			isa = XCBuildConfiguration;
			buildSettings = {
				ALWAYS_SEARCH_USER_PATHS = NO;
				CLANG_ANALYZER_NONNULL = YES;
				CLANG_ANALYZER_NUMBER_OBJECT_CONVERSION = YES_AGGRESSIVE;
				CLANG_CXX_LANGUAGE_STANDARD = "gnu++14";
				CLANG_CXX_LIBRARY = "libc++";
				CLANG_ENABLE_MODULES = YES;
				CLANG_ENABLE_OBJC_ARC = YES;
				CLANG_WARN_BLOCK_CAPTURE_AUTORELEASING = YES;
				CLANG_WARN_BOOL_CONVERSION = YES;
				CLANG_WARN_COMMA = YES;
				CLANG_WARN_CONSTANT_CONVERSION = YES;
				CLANG_WARN_DIRECT_OBJC_ISA_USAGE = YES_ERROR;
				CLANG_WARN_DOCUMENTATION_COMMENTS = YES;
				CLANG_WARN_EMPTY_BODY = YES;
				CLANG_WARN_ENUM_CONVERSION = YES;
				CLANG_WARN_INFINITE_RECURSION = YES;
				CLANG_WARN_INT_CONVERSION = YES;
				CLANG_WARN_NON_LITERAL_NULL_CONVERSION = YES;
				CLANG_WARN_OBJC_LITERAL_CONVERSION = YES;
				CLANG_WARN_OBJC_ROOT_CLASS = YES_ERROR;
				CLANG_WARN_RANGE_LOOP_ANALYSIS = YES;
				CLANG_WARN_STRICT_PROTOTYPES = YES;
				CLANG_WARN_SUSPICIOUS_MOVE = YES;
				CLANG_WARN_UNGUARDED_AVAILABILITY = YES_AGGRESSIVE;
				CLANG_WARN_UNREACHABLE_CODE = YES;
				CLANG_WARN__DUPLICATE_METHOD_MATCH = YES;
				CODE_SIGN_IDENTITY = "iPhone Developer";
				COPY_PHASE_STRIP = NO;
				DEBUG_INFORMATION_FORMAT = "dwarf-with-dsym";
				ENABLE_NS_ASSERTIONS = NO;
				ENABLE_STRICT_OBJC_MSGSEND = YES;
				GCC_C_LANGUAGE_STANDARD = gnu11;
				GCC_NO_COMMON_BLOCKS = YES;
				GCC_WARN_64_TO_32_BIT_CONVERSION = YES;
				GCC_WARN_ABOUT_RETURN_TYPE = YES_ERROR;
				GCC_WARN_UNDECLARED_SELECTOR = YES;
				GCC_WARN_UNINITIALIZED_AUTOS = YES_AGGRESSIVE;
				GCC_WARN_UNUSED_FUNCTION = YES;
				GCC_WARN_UNUSED_VARIABLE = YES;
				IPHONEOS_DEPLOYMENT_TARGET = 11.1;
				MTL_ENABLE_DEBUG_INFO = NO;
				SDKROOT = iphoneos;
				VALIDATE_PRODUCT = YES;
			};
			name = Release;
		};
		04EAF5711FD136D3005817DD /* Debug */ = {
			isa = XCBuildConfiguration;
			baseConfigurationReference = 86F7F49DE8D1DE9968BFB906 /* Pods-QQScrollView.debug.xcconfig */;
			buildSettings = {
				ASSETCATALOG_COMPILER_APPICON_NAME = AppIcon;
				ASSETCATALOG_COMPILER_LAUNCHIMAGE_NAME = LaunchImage;
				CODE_SIGN_STYLE = Automatic;
				DEVELOPMENT_TEAM = GC4GVLG96H;
				INFOPLIST_FILE = QQScrollView/Info.plist;
				IPHONEOS_DEPLOYMENT_TARGET = 8.0;
				LD_RUNPATH_SEARCH_PATHS = "$(inherited) @executable_path/Frameworks";
				PRODUCT_BUNDLE_IDENTIFIER = com.ymbenzhi.QQScrollView;
				PRODUCT_NAME = "$(TARGET_NAME)";
				TARGETED_DEVICE_FAMILY = "1,2";
			};
			name = Debug;
		};
		04EAF5721FD136D3005817DD /* Release */ = {
			isa = XCBuildConfiguration;
			baseConfigurationReference = E25BF256CF25F7E8EDFED4CA /* Pods-QQScrollView.release.xcconfig */;
			buildSettings = {
				ASSETCATALOG_COMPILER_APPICON_NAME = AppIcon;
				ASSETCATALOG_COMPILER_LAUNCHIMAGE_NAME = LaunchImage;
				CODE_SIGN_STYLE = Automatic;
				DEVELOPMENT_TEAM = GC4GVLG96H;
				INFOPLIST_FILE = QQScrollView/Info.plist;
				IPHONEOS_DEPLOYMENT_TARGET = 8.0;
				LD_RUNPATH_SEARCH_PATHS = "$(inherited) @executable_path/Frameworks";
				PRODUCT_BUNDLE_IDENTIFIER = com.ymbenzhi.QQScrollView;
				PRODUCT_NAME = "$(TARGET_NAME)";
				TARGETED_DEVICE_FAMILY = "1,2";
			};
			name = Release;
		};
/* End XCBuildConfiguration section */

/* Begin XCConfigurationList section */
		04EAF5551FD136D3005817DD /* Build configuration list for PBXProject "QQScrollView" */ = {
			isa = XCConfigurationList;
			buildConfigurations = (
				04EAF56E1FD136D3005817DD /* Debug */,
				04EAF56F1FD136D3005817DD /* Release */,
			);
			defaultConfigurationIsVisible = 0;
			defaultConfigurationName = Release;
		};
		04EAF5701FD136D3005817DD /* Build configuration list for PBXNativeTarget "QQScrollView" */ = {
			isa = XCConfigurationList;
			buildConfigurations = (
				04EAF5711FD136D3005817DD /* Debug */,
				04EAF5721FD136D3005817DD /* Release */,
			);
			defaultConfigurationIsVisible = 0;
			defaultConfigurationName = Release;
		};
/* End XCConfigurationList section */
	};
	rootObject = 04EAF5521FD136D3005817DD /* Project object */;
}
